// !$*UTF8*$!
{
	archiveVersion = 1;
	classes = {
	};
	objectVersion = 46;
	objects = {

/* Begin PBXBuildFile section */
		FA78816D1C4FB6EC00633DC2 /* AppDelegate.swift in Sources */ = {isa = PBXBuildFile; fileRef = FA78816C1C4FB6EC00633DC2 /* AppDelegate.swift */; };
		FA78816F1C4FB6EC00633DC2 /* RootViewController.swift in Sources */ = {isa = PBXBuildFile; fileRef = FA78816E1C4FB6EC00633DC2 /* RootViewController.swift */; };
		FA7881711C4FB6EC00633DC2 /* DataViewController.swift in Sources */ = {isa = PBXBuildFile; fileRef = FA7881701C4FB6EC00633DC2 /* DataViewController.swift */; };
		FA7881731C4FB6EC00633DC2 /* ModelController.swift in Sources */ = {isa = PBXBuildFile; fileRef = FA7881721C4FB6EC00633DC2 /* ModelController.swift */; };
		FA7881761C4FB6EC00633DC2 /* Main.storyboard in Resources */ = {isa = PBXBuildFile; fileRef = FA7881741C4FB6EC00633DC2 /* Main.storyboard */; };
		FA7881781C4FB6EC00633DC2 /* Assets.xcassets in Resources */ = {isa = PBXBuildFile; fileRef = FA7881771C4FB6EC00633DC2 /* Assets.xcassets */; };
		FA78817B1C4FB6EC00633DC2 /* LaunchScreen.storyboard in Resources */ = {isa = PBXBuildFile; fileRef = FA7881791C4FB6EC00633DC2 /* LaunchScreen.storyboard */; };
		FA7881861C4FB6EC00633DC2 /* PageViewSampleTests.swift in Sources */ = {isa = PBXBuildFile; fileRef = FA7881851C4FB6EC00633DC2 /* PageViewSampleTests.swift */; };
		FA7881911C4FB6EC00633DC2 /* PageViewSampleUITests.swift in Sources */ = {isa = PBXBuildFile; fileRef = FA7881901C4FB6EC00633DC2 /* PageViewSampleUITests.swift */; };
/* End PBXBuildFile section */

/* Begin PBXContainerItemProxy section */
		FA7881821C4FB6EC00633DC2 /* PBXContainerItemProxy */ = {
			isa = PBXContainerItemProxy;
			containerPortal = FA7881611C4FB6EC00633DC2 /* Project object */;
			proxyType = 1;
			remoteGlobalIDString = FA7881681C4FB6EC00633DC2;
			remoteInfo = PageViewSample;
		};
		FA78818D1C4FB6EC00633DC2 /* PBXContainerItemProxy */ = {
			isa = PBXContainerItemProxy;
			containerPortal = FA7881611C4FB6EC00633DC2 /* Project object */;
			proxyType = 1;
			remoteGlobalIDString = FA7881681C4FB6EC00633DC2;
			remoteInfo = PageViewSample;
		};
/* End PBXContainerItemProxy section */

/* Begin PBXFileReference section */
		FA7881691C4FB6EC00633DC2 /* PageViewSample.app */ = {isa = PBXFileReference; explicitFileType = wrapper.application; includeInIndex = 0; path = PageViewSample.app; sourceTree = BUILT_PRODUCTS_DIR; };
		FA78816C1C4FB6EC00633DC2 /* AppDelegate.swift */ = {isa = PBXFileReference; lastKnownFileType = sourcecode.swift; path = AppDelegate.swift; sourceTree = "<group>"; };
		FA78816E1C4FB6EC00633DC2 /* RootViewController.swift */ = {isa = PBXFileReference; lastKnownFileType = sourcecode.swift; path = RootViewController.swift; sourceTree = "<group>"; };
		FA7881701C4FB6EC00633DC2 /* DataViewController.swift */ = {isa = PBXFileReference; lastKnownFileType = sourcecode.swift; path = DataViewController.swift; sourceTree = "<group>"; };
		FA7881721C4FB6EC00633DC2 /* ModelController.swift */ = {isa = PBXFileReference; lastKnownFileType = sourcecode.swift; path = ModelController.swift; sourceTree = "<group>"; };
		FA7881751C4FB6EC00633DC2 /* Base */ = {isa = PBXFileReference; lastKnownFileType = file.storyboard; name = Base; path = Base.lproj/Main.storyboard; sourceTree = "<group>"; };
		FA7881771C4FB6EC00633DC2 /* Assets.xcassets */ = {isa = PBXFileReference; lastKnownFileType = folder.assetcatalog; path = Assets.xcassets; sourceTree = "<group>"; };
		FA78817A1C4FB6EC00633DC2 /* Base */ = {isa = PBXFileReference; lastKnownFileType = file.storyboard; name = Base; path = Base.lproj/LaunchScreen.storyboard; sourceTree = "<group>"; };
		FA78817C1C4FB6EC00633DC2 /* Info.plist */ = {isa = PBXFileReference; lastKnownFileType = text.plist.xml; path = Info.plist; sourceTree = "<group>"; };
		FA7881811C4FB6EC00633DC2 /* PageViewSampleTests.xctest */ = {isa = PBXFileReference; explicitFileType = wrapper.cfbundle; includeInIndex = 0; path = PageViewSampleTests.xctest; sourceTree = BUILT_PRODUCTS_DIR; };
		FA7881851C4FB6EC00633DC2 /* PageViewSampleTests.swift */ = {isa = PBXFileReference; lastKnownFileType = sourcecode.swift; path = PageViewSampleTests.swift; sourceTree = "<group>"; };
		FA7881871C4FB6EC00633DC2 /* Info.plist */ = {isa = PBXFileReference; lastKnownFileType = text.plist.xml; path = Info.plist; sourceTree = "<group>"; };
		FA78818C1C4FB6EC00633DC2 /* PageViewSampleUITests.xctest */ = {isa = PBXFileReference; explicitFileType = wrapper.cfbundle; includeInIndex = 0; path = PageViewSampleUITests.xctest; sourceTree = BUILT_PRODUCTS_DIR; };
		FA7881901C4FB6EC00633DC2 /* PageViewSampleUITests.swift */ = {isa = PBXFileReference; lastKnownFileType = sourcecode.swift; path = PageViewSampleUITests.swift; sourceTree = "<group>"; };
		FA7881921C4FB6EC00633DC2 /* Info.plist */ = {isa = PBXFileReference; lastKnownFileType = text.plist.xml; path = Info.plist; sourceTree = "<group>"; };
/* End PBXFileReference section */

/* Begin PBXFrameworksBuildPhase section */
		FA7881661C4FB6EC00633DC2 /* Frameworks */ = {
			isa = PBXFrameworksBuildPhase;
			buildActionMask = 2147483647;
			files = (
			);
			runOnlyForDeploymentPostprocessing = 0;
		};
		FA78817E1C4FB6EC00633DC2 /* Frameworks */ = {
			isa = PBXFrameworksBuildPhase;
			buildActionMask = 2147483647;
			files = (
			);
			runOnlyForDeploymentPostprocessing = 0;
		};
		FA7881891C4FB6EC00633DC2 /* Frameworks */ = {
			isa = PBXFrameworksBuildPhase;
			buildActionMask = 2147483647;
			files = (
			);
			runOnlyForDeploymentPostprocessing = 0;
		};
/* End PBXFrameworksBuildPhase section */

/* Begin PBXGroup section */
		FA7881601C4FB6EC00633DC2 = {
			isa = PBXGroup;
			children = (
				FA78816B1C4FB6EC00633DC2 /* PageViewSample */,
				FA7881841C4FB6EC00633DC2 /* PageViewSampleTests */,
				FA78818F1C4FB6EC00633DC2 /* PageViewSampleUITests */,
				FA78816A1C4FB6EC00633DC2 /* Products */,
			);
			sourceTree = "<group>";
		};
		FA78816A1C4FB6EC00633DC2 /* Products */ = {
			isa = PBXGroup;
			children = (
				FA7881691C4FB6EC00633DC2 /* PageViewSample.app */,
				FA7881811C4FB6EC00633DC2 /* PageViewSampleTests.xctest */,
				FA78818C1C4FB6EC00633DC2 /* PageViewSampleUITests.xctest */,
			);
			name = Products;
			sourceTree = "<group>";
		};
		FA78816B1C4FB6EC00633DC2 /* PageViewSample */ = {
			isa = PBXGroup;
			children = (
				FA78816C1C4FB6EC00633DC2 /* AppDelegate.swift */,
				FA78816E1C4FB6EC00633DC2 /* RootViewController.swift */,
				FA7881701C4FB6EC00633DC2 /* DataViewController.swift */,
				FA7881721C4FB6EC00633DC2 /* ModelController.swift */,
				FA7881741C4FB6EC00633DC2 /* Main.storyboard */,
				FA7881771C4FB6EC00633DC2 /* Assets.xcassets */,
				FA7881791C4FB6EC00633DC2 /* LaunchScreen.storyboard */,
				FA78817C1C4FB6EC00633DC2 /* Info.plist */,
			);
			path = PageViewSample;
			sourceTree = "<group>";
		};
		FA7881841C4FB6EC00633DC2 /* PageViewSampleTests */ = {
			isa = PBXGroup;
			children = (
				FA7881851C4FB6EC00633DC2 /* PageViewSampleTests.swift */,
				FA7881871C4FB6EC00633DC2 /* Info.plist */,
			);
			path = PageViewSampleTests;
			sourceTree = "<group>";
		};
		FA78818F1C4FB6EC00633DC2 /* PageViewSampleUITests */ = {
			isa = PBXGroup;
			children = (
				FA7881901C4FB6EC00633DC2 /* PageViewSampleUITests.swift */,
				FA7881921C4FB6EC00633DC2 /* Info.plist */,
			);
			path = PageViewSampleUITests;
			sourceTree = "<group>";
		};
/* End PBXGroup section */

/* Begin PBXNativeTarget section */
		FA7881681C4FB6EC00633DC2 /* PageViewSample */ = {
			isa = PBXNativeTarget;
			buildConfigurationList = FA7881951C4FB6EC00633DC2 /* Build configuration list for PBXNativeTarget "PageViewSample" */;
			buildPhases = (
				FA7881651C4FB6EC00633DC2 /* Sources */,
				FA7881661C4FB6EC00633DC2 /* Frameworks */,
				FA7881671C4FB6EC00633DC2 /* Resources */,
			);
			buildRules = (
			);
			dependencies = (
			);
			name = PageViewSample;
			productName = PageViewSample;
			productReference = FA7881691C4FB6EC00633DC2 /* PageViewSample.app */;
			productType = "com.apple.product-type.application";
		};
		FA7881801C4FB6EC00633DC2 /* PageViewSampleTests */ = {
			isa = PBXNativeTarget;
			buildConfigurationList = FA7881981C4FB6EC00633DC2 /* Build configuration list for PBXNativeTarget "PageViewSampleTests" */;
			buildPhases = (
				FA78817D1C4FB6EC00633DC2 /* Sources */,
				FA78817E1C4FB6EC00633DC2 /* Frameworks */,
				FA78817F1C4FB6EC00633DC2 /* Resources */,
			);
			buildRules = (
			);
			dependencies = (
				FA7881831C4FB6EC00633DC2 /* PBXTargetDependency */,
			);
			name = PageViewSampleTests;
			productName = PageViewSampleTests;
			productReference = FA7881811C4FB6EC00633DC2 /* PageViewSampleTests.xctest */;
			productType = "com.apple.product-type.bundle.unit-test";
		};
		FA78818B1C4FB6EC00633DC2 /* PageViewSampleUITests */ = {
			isa = PBXNativeTarget;
			buildConfigurationList = FA78819B1C4FB6EC00633DC2 /* Build configuration list for PBXNativeTarget "PageViewSampleUITests" */;
			buildPhases = (
				FA7881881C4FB6EC00633DC2 /* Sources */,
				FA7881891C4FB6EC00633DC2 /* Frameworks */,
				FA78818A1C4FB6EC00633DC2 /* Resources */,
			);
			buildRules = (
			);
			dependencies = (
				FA78818E1C4FB6EC00633DC2 /* PBXTargetDependency */,
			);
			name = PageViewSampleUITests;
			productName = PageViewSampleUITests;
			productReference = FA78818C1C4FB6EC00633DC2 /* PageViewSampleUITests.xctest */;
			productType = "com.apple.product-type.bundle.ui-testing";
		};
/* End PBXNativeTarget section */

/* Begin PBXProject section */
		FA7881611C4FB6EC00633DC2 /* Project object */ = {
			isa = PBXProject;
			attributes = {
				LastSwiftUpdateCheck = 0710;
				LastUpgradeCheck = 0710;
				ORGANIZATIONNAME = yuya;
				TargetAttributes = {
					FA7881681C4FB6EC00633DC2 = {
						CreatedOnToolsVersion = 7.1.1;
					};
					FA7881801C4FB6EC00633DC2 = {
						CreatedOnToolsVersion = 7.1.1;
						TestTargetID = FA7881681C4FB6EC00633DC2;
					};
					FA78818B1C4FB6EC00633DC2 = {
						CreatedOnToolsVersion = 7.1.1;
						TestTargetID = FA7881681C4FB6EC00633DC2;
					};
				};
			};
			buildConfigurationList = FA7881641C4FB6EC00633DC2 /* Build configuration list for PBXProject "PageViewSample" */;
			compatibilityVersion = "Xcode 3.2";
			developmentRegion = English;
			hasScannedForEncodings = 0;
			knownRegions = (
				en,
				Base,
			);
			mainGroup = FA7881601C4FB6EC00633DC2;
			productRefGroup = FA78816A1C4FB6EC00633DC2 /* Products */;
			projectDirPath = "";
			projectRoot = "";
			targets = (
				FA7881681C4FB6EC00633DC2 /* PageViewSample */,
				FA7881801C4FB6EC00633DC2 /* PageViewSampleTests */,
				FA78818B1C4FB6EC00633DC2 /* PageViewSampleUITests */,
			);
		};
/* End PBXProject section */

/* Begin PBXResourcesBuildPhase section */
		FA7881671C4FB6EC00633DC2 /* Resources */ = {
			isa = PBXResourcesBuildPhase;
			buildActionMask = 2147483647;
			files = (
				FA78817B1C4FB6EC00633DC2 /* LaunchScreen.storyboard in Resources */,
				FA7881781C4FB6EC00633DC2 /* Assets.xcassets in Resources */,
				FA7881761C4FB6EC00633DC2 /* Main.storyboard in Resources */,
			);
			runOnlyForDeploymentPostprocessing = 0;
		};
		FA78817F1C4FB6EC00633DC2 /* Resources */ = {
			isa = PBXResourcesBuildPhase;
			buildActionMask = 2147483647;
			files = (
			);
			runOnlyForDeploymentPostprocessing = 0;
		};
		FA78818A1C4FB6EC00633DC2 /* Resources */ = {
			isa = PBXResourcesBuildPhase;
			buildActionMask = 2147483647;
			files = (
			);
			runOnlyForDeploymentPostprocessing = 0;
		};
/* End PBXResourcesBuildPhase section */

/* Begin PBXSourcesBuildPhase section */
		FA7881651C4FB6EC00633DC2 /* Sources */ = {
			isa = PBXSourcesBuildPhase;
			buildActionMask = 2147483647;
			files = (
				FA78816F1C4FB6EC00633DC2 /* RootViewController.swift in Sources */,
				FA7881731C4FB6EC00633DC2 /* ModelController.swift in Sources */,
				FA7881711C4FB6EC00633DC2 /* DataViewController.swift in Sources */,
				FA78816D1C4FB6EC00633DC2 /* AppDelegate.swift in Sources */,
			);
			runOnlyForDeploymentPostprocessing = 0;
		};
		FA78817D1C4FB6EC00633DC2 /* Sources */ = {
			isa = PBXSourcesBuildPhase;
			buildActionMask = 2147483647;
			files = (
				FA7881861C4FB6EC00633DC2 /* PageViewSampleTests.swift in Sources */,
			);
			runOnlyForDeploymentPostprocessing = 0;
		};
		FA7881881C4FB6EC00633DC2 /* Sources */ = {
			isa = PBXSourcesBuildPhase;
			buildActionMask = 2147483647;
			files = (
				FA7881911C4FB6EC00633DC2 /* PageViewSampleUITests.swift in Sources */,
			);
			runOnlyForDeploymentPostprocessing = 0;
		};
/* End PBXSourcesBuildPhase section */

/* Begin PBXTargetDependency section */
		FA7881831C4FB6EC00633DC2 /* PBXTargetDependency */ = {
			isa = PBXTargetDependency;
			target = FA7881681C4FB6EC00633DC2 /* PageViewSample */;
			targetProxy = FA7881821C4FB6EC00633DC2 /* PBXContainerItemProxy */;
		};
		FA78818E1C4FB6EC00633DC2 /* PBXTargetDependency */ = {
			isa = PBXTargetDependency;
			target = FA7881681C4FB6EC00633DC2 /* PageViewSample */;
			targetProxy = FA78818D1C4FB6EC00633DC2 /* PBXContainerItemProxy */;
		};
/* End PBXTargetDependency section */

/* Begin PBXVariantGroup section */
		FA7881741C4FB6EC00633DC2 /* Main.storyboard */ = {
			isa = PBXVariantGroup;
			children = (
				FA7881751C4FB6EC00633DC2 /* Base */,
			);
			name = Main.storyboard;
			sourceTree = "<group>";
		};
		FA7881791C4FB6EC00633DC2 /* LaunchScreen.storyboard */ = {
			isa = PBXVariantGroup;
			children = (
				FA78817A1C4FB6EC00633DC2 /* Base */,
			);
			name = LaunchScreen.storyboard;
			sourceTree = "<group>";
		};
/* End PBXVariantGroup section */

/* Begin XCBuildConfiguration section */
		FA7881931C4FB6EC00633DC2 /* Debug */ = {
			isa = XCBuildConfiguration;
			buildSettings = {
				ALWAYS_SEARCH_USER_PATHS = NO;
				CLANG_CXX_LANGUAGE_STANDARD = "gnu++0x";
				CLANG_CXX_LIBRARY = "libc++";
				CLANG_ENABLE_MODULES = YES;
				CLANG_ENABLE_OBJC_ARC = YES;
				CLANG_WARN_BOOL_CONVERSION = YES;
				CLANG_WARN_CONSTANT_CONVERSION = YES;
				CLANG_WARN_DIRECT_OBJC_ISA_USAGE = YES_ERROR;
				CLANG_WARN_EMPTY_BODY = YES;
				CLANG_WARN_ENUM_CONVERSION = YES;
				CLANG_WARN_INT_CONVERSION = YES;
				CLANG_WARN_OBJC_ROOT_CLASS = YES_ERROR;
				CLANG_WARN_UNREACHABLE_CODE = YES;
				CLANG_WARN__DUPLICATE_METHOD_MATCH = YES;
				"CODE_SIGN_IDENTITY[sdk=iphoneos*]" = "iPhone Developer";
				COPY_PHASE_STRIP = NO;
				DEBUG_INFORMATION_FORMAT = dwarf;
				ENABLE_STRICT_OBJC_MSGSEND = YES;
				ENABLE_TESTABILITY = YES;
				GCC_C_LANGUAGE_STANDARD = gnu99;
				GCC_DYNAMIC_NO_PIC = NO;
				GCC_NO_COMMON_BLOCKS = YES;
				GCC_OPTIMIZATION_LEVEL = 0;
				GCC_PREPROCESSOR_DEFINITIONS = (
					"DEBUG=1",
					"$(inherited)",
				);
				GCC_WARN_64_TO_32_BIT_CONVERSION = YES;
				GCC_WARN_ABOUT_RETURN_TYPE = YES_ERROR;
				GCC_WARN_UNDECLARED_SELECTOR = YES;
				GCC_WARN_UNINITIALIZED_AUTOS = YES_AGGRESSIVE;
				GCC_WARN_UNUSED_FUNCTION = YES;
				GCC_WARN_UNUSED_VARIABLE = YES;
				IPHONEOS_DEPLOYMENT_TARGET = 9.1;
				MTL_ENABLE_DEBUG_INFO = YES;
				ONLY_ACTIVE_ARCH = YES;
				SDKROOT = iphoneos;
				SWIFT_OPTIMIZATION_LEVEL = "-Onone";
				TARGETED_DEVICE_FAMILY = "1,2";
			};
			name = Debug;
		};
		FA7881941C4FB6EC00633DC2 /* Release */ = {
			isa = XCBuildConfiguration;
			buildSettings = {
				ALWAYS_SEARCH_USER_PATHS = NO;
				CLANG_CXX_LANGUAGE_STANDARD = "gnu++0x";
				CLANG_CXX_LIBRARY = "libc++";
				CLANG_ENABLE_MODULES = YES;
				CLANG_ENABLE_OBJC_ARC = YES;
				CLANG_WARN_BOOL_CONVERSION = YES;
				CLANG_WARN_CONSTANT_CONVERSION = YES;
				CLANG_WARN_DIRECT_OBJC_ISA_USAGE = YES_ERROR;
				CLANG_WARN_EMPTY_BODY = YES;
				CLANG_WARN_ENUM_CONVERSION = YES;
				CLANG_WARN_INT_CONVERSION = YES;
				CLANG_WARN_OBJC_ROOT_CLASS = YES_ERROR;
				CLANG_WARN_UNREACHABLE_CODE = YES;
				CLANG_WARN__DUPLICATE_METHOD_MATCH = YES;
				"CODE_SIGN_IDENTITY[sdk=iphoneos*]" = "iPhone Developer";
				COPY_PHASE_STRIP = NO;
				DEBUG_INFORMATION_FORMAT = "dwarf-with-dsym";
				ENABLE_NS_ASSERTIONS = NO;
				ENABLE_STRICT_OBJC_MSGSEND = YES;
				GCC_C_LANGUAGE_STANDARD = gnu99;
				GCC_NO_COMMON_BLOCKS = YES;
				GCC_WARN_64_TO_32_BIT_CONVERSION = YES;
				GCC_WARN_ABOUT_RETURN_TYPE = YES_ERROR;
				GCC_WARN_UNDECLARED_SELECTOR = YES;
				GCC_WARN_UNINITIALIZED_AUTOS = YES_AGGRESSIVE;
				GCC_WARN_UNUSED_FUNCTION = YES;
				GCC_WARN_UNUSED_VARIABLE = YES;
				IPHONEOS_DEPLOYMENT_TARGET = 9.1;
				MTL_ENABLE_DEBUG_INFO = NO;
				SDKROOT = iphoneos;
				TARGETED_DEVICE_FAMILY = "1,2";
				VALIDATE_PRODUCT = YES;
			};
			name = Release;
		};
		FA7881961C4FB6EC00633DC2 /* Debug */ = {
			isa = XCBuildConfiguration;
			buildSettings = {
				ASSETCATALOG_COMPILER_APPICON_NAME = AppIcon;
				INFOPLIST_FILE = PageViewSample/Info.plist;
				LD_RUNPATH_SEARCH_PATHS = "$(inherited) @executable_path/Frameworks";
				PRODUCT_BUNDLE_IDENTIFIER = jp.ky.PageViewSample;
				PRODUCT_NAME = "$(TARGET_NAME)";
			};
			name = Debug;
		};
		FA7881971C4FB6EC00633DC2 /* Release */ = {
			isa = XCBuildConfiguration;
			buildSettings = {
				ASSETCATALOG_COMPILER_APPICON_NAME = AppIcon;
				INFOPLIST_FILE = PageViewSample/Info.plist;
				LD_RUNPATH_SEARCH_PATHS = "$(inherited) @executable_path/Frameworks";
				PRODUCT_BUNDLE_IDENTIFIER = jp.ky.PageViewSample;
				PRODUCT_NAME = "$(TARGET_NAME)";
			};
			name = Release;
		};
		FA7881991C4FB6EC00633DC2 /* Debug */ = {
			isa = XCBuildConfiguration;
			buildSettings = {
				BUNDLE_LOADER = "$(TEST_HOST)";
				INFOPLIST_FILE = PageViewSampleTests/Info.plist;
				LD_RUNPATH_SEARCH_PATHS = "$(inherited) @executable_path/Frameworks @loader_path/Frameworks";
				PRODUCT_BUNDLE_IDENTIFIER = jp.ky.PageViewSampleTests;
				PRODUCT_NAME = "$(TARGET_NAME)";
				TEST_HOST = "$(BUILT_PRODUCTS_DIR)/PageViewSample.app/PageViewSample";
			};
			name = Debug;
		};
		FA78819A1C4FB6EC00633DC2 /* Release */ = {
			isa = XCBuildConfiguration;
			buildSettings = {
				BUNDLE_LOADER = "$(TEST_HOST)";
				INFOPLIST_FILE = PageViewSampleTests/Info.plist;
				LD_RUNPATH_SEARCH_PATHS = "$(inherited) @executable_path/Frameworks @loader_path/Frameworks";
				PRODUCT_BUNDLE_IDENTIFIER = jp.ky.PageViewSampleTests;
				PRODUCT_NAME = "$(TARGET_NAME)";
				TEST_HOST = "$(BUILT_PRODUCTS_DIR)/PageViewSample.app/PageViewSample";
			};
			name = Release;
		};
		FA78819C1C4FB6EC00633DC2 /* Debug */ = {
			isa = XCBuildConfiguration;
			buildSettings = {
				INFOPLIST_FILE = PageViewSampleUITests/Info.plist;
				LD_RUNPATH_SEARCH_PATHS = "$(inherited) @executable_path/Frameworks @loader_path/Frameworks";
				PRODUCT_BUNDLE_IDENTIFIER = jp.ky.PageViewSampleUITests;
				PRODUCT_NAME = "$(TARGET_NAME)";
				TEST_TARGET_NAME = PageViewSample;
				USES_XCTRUNNER = YES;
			};
			name = Debug;
		};
		FA78819D1C4FB6EC00633DC2 /* Release */ = {
			isa = XCBuildConfiguration;
			buildSettings = {
				INFOPLIST_FILE = PageViewSampleUITests/Info.plist;
				LD_RUNPATH_SEARCH_PATHS = "$(inherited) @executable_path/Frameworks @loader_path/Frameworks";
				PRODUCT_BUNDLE_IDENTIFIER = jp.ky.PageViewSampleUITests;
				PRODUCT_NAME = "$(TARGET_NAME)";
				TEST_TARGET_NAME = PageViewSample;
				USES_XCTRUNNER = YES;
			};
			name = Release;
		};
/* End XCBuildConfiguration section */

/* Begin XCConfigurationList section */
		FA7881641C4FB6EC00633DC2 /* Build configuration list for PBXProject "PageViewSample" */ = {
			isa = XCConfigurationList;
			buildConfigurations = (
				FA7881931C4FB6EC00633DC2 /* Debug */,
				FA7881941C4FB6EC00633DC2 /* Release */,
			);
			defaultConfigurationIsVisible = 0;
			defaultConfigurationName = Release;
		};
		FA7881951C4FB6EC00633DC2 /* Build configuration list for PBXNativeTarget "PageViewSample" */ = {
			isa = XCConfigurationList;
			buildConfigurations = (
				FA7881961C4FB6EC00633DC2 /* Debug */,
				FA7881971C4FB6EC00633DC2 /* Release */,
			);
			defaultConfigurationIsVisible = 0;
		};
		FA7881981C4FB6EC00633DC2 /* Build configuration list for PBXNativeTarget "PageViewSampleTests" */ = {
			isa = XCConfigurationList;
			buildConfigurations = (
				FA7881991C4FB6EC00633DC2 /* Debug */,
				FA78819A1C4FB6EC00633DC2 /* Release */,
			);
			defaultConfigurationIsVisible = 0;
		};
		FA78819B1C4FB6EC00633DC2 /* Build configuration list for PBXNativeTarget "PageViewSampleUITests" */ = {
			isa = XCConfigurationList;
			buildConfigurations = (
				FA78819C1C4FB6EC00633DC2 /* Debug */,
				FA78819D1C4FB6EC00633DC2 /* Release */,
			);
			defaultConfigurationIsVisible = 0;
		};
/* End XCConfigurationList section */
	};
	rootObject = FA7881611C4FB6EC00633DC2 /* Project object */;
}
