// !$*UTF8*$!
{
	archiveVersion = 1;
	classes = {
	};
	objectVersion = 46;
	objects = {

/* Begin PBXBuildFile section */
		FA7BF0D41DF3CC17008E4878 /* AppDelegate.swift in Sources */ = {isa = PBXBuildFile; fileRef = FA7BF0D31DF3CC17008E4878 /* AppDelegate.swift */; };
		FA7BF0D61DF3CC17008E4878 /* ViewController.swift in Sources */ = {isa = PBXBuildFile; fileRef = FA7BF0D51DF3CC17008E4878 /* ViewController.swift */; };
		FA7BF0D91DF3CC17008E4878 /* Main.storyboard in Resources */ = {isa = PBXBuildFile; fileRef = FA7BF0D71DF3CC17008E4878 /* Main.storyboard */; };
		FA7BF0DC1DF3CC17008E4878 /* Animation.xcdatamodeld in Sources */ = {isa = PBXBuildFile; fileRef = FA7BF0DA1DF3CC17008E4878 /* Animation.xcdatamodeld */; };
		FA7BF0DE1DF3CC17008E4878 /* Assets.xcassets in Resources */ = {isa = PBXBuildFile; fileRef = FA7BF0DD1DF3CC17008E4878 /* Assets.xcassets */; };
		FA7BF0E11DF3CC17008E4878 /* LaunchScreen.storyboard in Resources */ = {isa = PBXBuildFile; fileRef = FA7BF0DF1DF3CC17008E4878 /* LaunchScreen.storyboard */; };
		FA7BF0EC1DF3CC17008E4878 /* AnimationTests.swift in Sources */ = {isa = PBXBuildFile; fileRef = FA7BF0EB1DF3CC17008E4878 /* AnimationTests.swift */; };
		FA7BF0F71DF3CC17008E4878 /* AnimationUITests.swift in Sources */ = {isa = PBXBuildFile; fileRef = FA7BF0F61DF3CC17008E4878 /* AnimationUITests.swift */; };
/* End PBXBuildFile section */

/* Begin PBXContainerItemProxy section */
		FA7BF0E81DF3CC17008E4878 /* PBXContainerItemProxy */ = {
			isa = PBXContainerItemProxy;
			containerPortal = FA7BF0C81DF3CC16008E4878 /* Project object */;
			proxyType = 1;
			remoteGlobalIDString = FA7BF0CF1DF3CC16008E4878;
			remoteInfo = Animation;
		};
		FA7BF0F31DF3CC17008E4878 /* PBXContainerItemProxy */ = {
			isa = PBXContainerItemProxy;
			containerPortal = FA7BF0C81DF3CC16008E4878 /* Project object */;
			proxyType = 1;
			remoteGlobalIDString = FA7BF0CF1DF3CC16008E4878;
			remoteInfo = Animation;
		};
/* End PBXContainerItemProxy section */

/* Begin PBXFileReference section */
		FA7BF0D01DF3CC17008E4878 /* Animation.app */ = {isa = PBXFileReference; explicitFileType = wrapper.application; includeInIndex = 0; path = Animation.app; sourceTree = BUILT_PRODUCTS_DIR; };
		FA7BF0D31DF3CC17008E4878 /* AppDelegate.swift */ = {isa = PBXFileReference; lastKnownFileType = sourcecode.swift; path = AppDelegate.swift; sourceTree = "<group>"; };
		FA7BF0D51DF3CC17008E4878 /* ViewController.swift */ = {isa = PBXFileReference; lastKnownFileType = sourcecode.swift; path = ViewController.swift; sourceTree = "<group>"; };
		FA7BF0D81DF3CC17008E4878 /* Base */ = {isa = PBXFileReference; lastKnownFileType = file.storyboard; name = Base; path = Base.lproj/Main.storyboard; sourceTree = "<group>"; };
		FA7BF0DB1DF3CC17008E4878 /* Animation.xcdatamodel */ = {isa = PBXFileReference; lastKnownFileType = wrapper.xcdatamodel; path = Animation.xcdatamodel; sourceTree = "<group>"; };
		FA7BF0DD1DF3CC17008E4878 /* Assets.xcassets */ = {isa = PBXFileReference; lastKnownFileType = folder.assetcatalog; path = Assets.xcassets; sourceTree = "<group>"; };
		FA7BF0E01DF3CC17008E4878 /* Base */ = {isa = PBXFileReference; lastKnownFileType = file.storyboard; name = Base; path = Base.lproj/LaunchScreen.storyboard; sourceTree = "<group>"; };
		FA7BF0E21DF3CC17008E4878 /* Info.plist */ = {isa = PBXFileReference; lastKnownFileType = text.plist.xml; path = Info.plist; sourceTree = "<group>"; };
		FA7BF0E71DF3CC17008E4878 /* AnimationTests.xctest */ = {isa = PBXFileReference; explicitFileType = wrapper.cfbundle; includeInIndex = 0; path = AnimationTests.xctest; sourceTree = BUILT_PRODUCTS_DIR; };
		FA7BF0EB1DF3CC17008E4878 /* AnimationTests.swift */ = {isa = PBXFileReference; lastKnownFileType = sourcecode.swift; path = AnimationTests.swift; sourceTree = "<group>"; };
		FA7BF0ED1DF3CC17008E4878 /* Info.plist */ = {isa = PBXFileReference; lastKnownFileType = text.plist.xml; path = Info.plist; sourceTree = "<group>"; };
		FA7BF0F21DF3CC17008E4878 /* AnimationUITests.xctest */ = {isa = PBXFileReference; explicitFileType = wrapper.cfbundle; includeInIndex = 0; path = AnimationUITests.xctest; sourceTree = BUILT_PRODUCTS_DIR; };
		FA7BF0F61DF3CC17008E4878 /* AnimationUITests.swift */ = {isa = PBXFileReference; lastKnownFileType = sourcecode.swift; path = AnimationUITests.swift; sourceTree = "<group>"; };
		FA7BF0F81DF3CC17008E4878 /* Info.plist */ = {isa = PBXFileReference; lastKnownFileType = text.plist.xml; path = Info.plist; sourceTree = "<group>"; };
/* End PBXFileReference section */

/* Begin PBXFrameworksBuildPhase section */
		FA7BF0CD1DF3CC16008E4878 /* Frameworks */ = {
			isa = PBXFrameworksBuildPhase;
			buildActionMask = 2147483647;
			files = (
			);
			runOnlyForDeploymentPostprocessing = 0;
		};
		FA7BF0E41DF3CC17008E4878 /* Frameworks */ = {
			isa = PBXFrameworksBuildPhase;
			buildActionMask = 2147483647;
			files = (
			);
			runOnlyForDeploymentPostprocessing = 0;
		};
		FA7BF0EF1DF3CC17008E4878 /* Frameworks */ = {
			isa = PBXFrameworksBuildPhase;
			buildActionMask = 2147483647;
			files = (
			);
			runOnlyForDeploymentPostprocessing = 0;
		};
/* End PBXFrameworksBuildPhase section */

/* Begin PBXGroup section */
		FA7BF0C71DF3CC16008E4878 = {
			isa = PBXGroup;
			children = (
				FA7BF0D21DF3CC17008E4878 /* Animation */,
				FA7BF0EA1DF3CC17008E4878 /* AnimationTests */,
				FA7BF0F51DF3CC17008E4878 /* AnimationUITests */,
				FA7BF0D11DF3CC17008E4878 /* Products */,
			);
			sourceTree = "<group>";
		};
		FA7BF0D11DF3CC17008E4878 /* Products */ = {
			isa = PBXGroup;
			children = (
				FA7BF0D01DF3CC17008E4878 /* Animation.app */,
				FA7BF0E71DF3CC17008E4878 /* AnimationTests.xctest */,
				FA7BF0F21DF3CC17008E4878 /* AnimationUITests.xctest */,
			);
			name = Products;
			sourceTree = "<group>";
		};
		FA7BF0D21DF3CC17008E4878 /* Animation */ = {
			isa = PBXGroup;
			children = (
				FA7BF0D31DF3CC17008E4878 /* AppDelegate.swift */,
				FA7BF0D51DF3CC17008E4878 /* ViewController.swift */,
				FA7BF0D71DF3CC17008E4878 /* Main.storyboard */,
				FA7BF0DD1DF3CC17008E4878 /* Assets.xcassets */,
				FA7BF0DF1DF3CC17008E4878 /* LaunchScreen.storyboard */,
				FA7BF0E21DF3CC17008E4878 /* Info.plist */,
				FA7BF0DA1DF3CC17008E4878 /* Animation.xcdatamodeld */,
			);
			path = Animation;
			sourceTree = "<group>";
		};
		FA7BF0EA1DF3CC17008E4878 /* AnimationTests */ = {
			isa = PBXGroup;
			children = (
				FA7BF0EB1DF3CC17008E4878 /* AnimationTests.swift */,
				FA7BF0ED1DF3CC17008E4878 /* Info.plist */,
			);
			path = AnimationTests;
			sourceTree = "<group>";
		};
		FA7BF0F51DF3CC17008E4878 /* AnimationUITests */ = {
			isa = PBXGroup;
			children = (
				FA7BF0F61DF3CC17008E4878 /* AnimationUITests.swift */,
				FA7BF0F81DF3CC17008E4878 /* Info.plist */,
			);
			path = AnimationUITests;
			sourceTree = "<group>";
		};
/* End PBXGroup section */

/* Begin PBXNativeTarget section */
		FA7BF0CF1DF3CC16008E4878 /* Animation */ = {
			isa = PBXNativeTarget;
			buildConfigurationList = FA7BF0FB1DF3CC17008E4878 /* Build configuration list for PBXNativeTarget "Animation" */;
			buildPhases = (
				FA7BF0CC1DF3CC16008E4878 /* Sources */,
				FA7BF0CD1DF3CC16008E4878 /* Frameworks */,
				FA7BF0CE1DF3CC16008E4878 /* Resources */,
			);
			buildRules = (
			);
			dependencies = (
			);
			name = Animation;
			productName = Animation;
			productReference = FA7BF0D01DF3CC17008E4878 /* Animation.app */;
			productType = "com.apple.product-type.application";
		};
		FA7BF0E61DF3CC17008E4878 /* AnimationTests */ = {
			isa = PBXNativeTarget;
			buildConfigurationList = FA7BF0FE1DF3CC17008E4878 /* Build configuration list for PBXNativeTarget "AnimationTests" */;
			buildPhases = (
				FA7BF0E31DF3CC17008E4878 /* Sources */,
				FA7BF0E41DF3CC17008E4878 /* Frameworks */,
				FA7BF0E51DF3CC17008E4878 /* Resources */,
			);
			buildRules = (
			);
			dependencies = (
				FA7BF0E91DF3CC17008E4878 /* PBXTargetDependency */,
			);
			name = AnimationTests;
			productName = AnimationTests;
			productReference = FA7BF0E71DF3CC17008E4878 /* AnimationTests.xctest */;
			productType = "com.apple.product-type.bundle.unit-test";
		};
		FA7BF0F11DF3CC17008E4878 /* AnimationUITests */ = {
			isa = PBXNativeTarget;
			buildConfigurationList = FA7BF1011DF3CC17008E4878 /* Build configuration list for PBXNativeTarget "AnimationUITests" */;
			buildPhases = (
				FA7BF0EE1DF3CC17008E4878 /* Sources */,
				FA7BF0EF1DF3CC17008E4878 /* Frameworks */,
				FA7BF0F01DF3CC17008E4878 /* Resources */,
			);
			buildRules = (
			);
			dependencies = (
				FA7BF0F41DF3CC17008E4878 /* PBXTargetDependency */,
			);
			name = AnimationUITests;
			productName = AnimationUITests;
			productReference = FA7BF0F21DF3CC17008E4878 /* AnimationUITests.xctest */;
			productType = "com.apple.product-type.bundle.ui-testing";
		};
/* End PBXNativeTarget section */

/* Begin PBXProject section */
		FA7BF0C81DF3CC16008E4878 /* Project object */ = {
			isa = PBXProject;
			attributes = {
				LastSwiftUpdateCheck = 0810;
				LastUpgradeCheck = 0810;
				ORGANIZATIONNAME = yuya;
				TargetAttributes = {
					FA7BF0CF1DF3CC16008E4878 = {
						CreatedOnToolsVersion = 8.1;
						ProvisioningStyle = Automatic;
					};
					FA7BF0E61DF3CC17008E4878 = {
						CreatedOnToolsVersion = 8.1;
						ProvisioningStyle = Automatic;
						TestTargetID = FA7BF0CF1DF3CC16008E4878;
					};
					FA7BF0F11DF3CC17008E4878 = {
						CreatedOnToolsVersion = 8.1;
						ProvisioningStyle = Automatic;
						TestTargetID = FA7BF0CF1DF3CC16008E4878;
					};
				};
			};
			buildConfigurationList = FA7BF0CB1DF3CC16008E4878 /* Build configuration list for PBXProject "Animation" */;
			compatibilityVersion = "Xcode 3.2";
			developmentRegion = English;
			hasScannedForEncodings = 0;
			knownRegions = (
				en,
				Base,
			);
			mainGroup = FA7BF0C71DF3CC16008E4878;
			productRefGroup = FA7BF0D11DF3CC17008E4878 /* Products */;
			projectDirPath = "";
			projectRoot = "";
			targets = (
				FA7BF0CF1DF3CC16008E4878 /* Animation */,
				FA7BF0E61DF3CC17008E4878 /* AnimationTests */,
				FA7BF0F11DF3CC17008E4878 /* AnimationUITests */,
			);
		};
/* End PBXProject section */

/* Begin PBXResourcesBuildPhase section */
		FA7BF0CE1DF3CC16008E4878 /* Resources */ = {
			isa = PBXResourcesBuildPhase;
			buildActionMask = 2147483647;
			files = (
				FA7BF0E11DF3CC17008E4878 /* LaunchScreen.storyboard in Resources */,
				FA7BF0DE1DF3CC17008E4878 /* Assets.xcassets in Resources */,
				FA7BF0D91DF3CC17008E4878 /* Main.storyboard in Resources */,
			);
			runOnlyForDeploymentPostprocessing = 0;
		};
		FA7BF0E51DF3CC17008E4878 /* Resources */ = {
			isa = PBXResourcesBuildPhase;
			buildActionMask = 2147483647;
			files = (
			);
			runOnlyForDeploymentPostprocessing = 0;
		};
		FA7BF0F01DF3CC17008E4878 /* Resources */ = {
			isa = PBXResourcesBuildPhase;
			buildActionMask = 2147483647;
			files = (
			);
			runOnlyForDeploymentPostprocessing = 0;
		};
/* End PBXResourcesBuildPhase section */

/* Begin PBXSourcesBuildPhase section */
		FA7BF0CC1DF3CC16008E4878 /* Sources */ = {
			isa = PBXSourcesBuildPhase;
			buildActionMask = 2147483647;
			files = (
				FA7BF0DC1DF3CC17008E4878 /* Animation.xcdatamodeld in Sources */,
				FA7BF0D61DF3CC17008E4878 /* ViewController.swift in Sources */,
				FA7BF0D41DF3CC17008E4878 /* AppDelegate.swift in Sources */,
			);
			runOnlyForDeploymentPostprocessing = 0;
		};
		FA7BF0E31DF3CC17008E4878 /* Sources */ = {
			isa = PBXSourcesBuildPhase;
			buildActionMask = 2147483647;
			files = (
				FA7BF0EC1DF3CC17008E4878 /* AnimationTests.swift in Sources */,
			);
			runOnlyForDeploymentPostprocessing = 0;
		};
		FA7BF0EE1DF3CC17008E4878 /* Sources */ = {
			isa = PBXSourcesBuildPhase;
			buildActionMask = 2147483647;
			files = (
				FA7BF0F71DF3CC17008E4878 /* AnimationUITests.swift in Sources */,
			);
			runOnlyForDeploymentPostprocessing = 0;
		};
/* End PBXSourcesBuildPhase section */

/* Begin PBXTargetDependency section */
		FA7BF0E91DF3CC17008E4878 /* PBXTargetDependency */ = {
			isa = PBXTargetDependency;
			target = FA7BF0CF1DF3CC16008E4878 /* Animation */;
			targetProxy = FA7BF0E81DF3CC17008E4878 /* PBXContainerItemProxy */;
		};
		FA7BF0F41DF3CC17008E4878 /* PBXTargetDependency */ = {
			isa = PBXTargetDependency;
			target = FA7BF0CF1DF3CC16008E4878 /* Animation */;
			targetProxy = FA7BF0F31DF3CC17008E4878 /* PBXContainerItemProxy */;
		};
/* End PBXTargetDependency section */

/* Begin PBXVariantGroup section */
		FA7BF0D71DF3CC17008E4878 /* Main.storyboard */ = {
			isa = PBXVariantGroup;
			children = (
				FA7BF0D81DF3CC17008E4878 /* Base */,
			);
			name = Main.storyboard;
			sourceTree = "<group>";
		};
		FA7BF0DF1DF3CC17008E4878 /* LaunchScreen.storyboard */ = {
			isa = PBXVariantGroup;
			children = (
				FA7BF0E01DF3CC17008E4878 /* Base */,
			);
			name = LaunchScreen.storyboard;
			sourceTree = "<group>";
		};
/* End PBXVariantGroup section */

/* Begin XCBuildConfiguration section */
		FA7BF0F91DF3CC17008E4878 /* Debug */ = {
			isa = XCBuildConfiguration;
			buildSettings = {
				ALWAYS_SEARCH_USER_PATHS = NO;
				CLANG_ANALYZER_NONNULL = YES;
				CLANG_CXX_LANGUAGE_STANDARD = "gnu++0x";
				CLANG_CXX_LIBRARY = "libc++";
				CLANG_ENABLE_MODULES = YES;
				CLANG_ENABLE_OBJC_ARC = YES;
				CLANG_WARN_BOOL_CONVERSION = YES;
				CLANG_WARN_CONSTANT_CONVERSION = YES;
				CLANG_WARN_DIRECT_OBJC_ISA_USAGE = YES_ERROR;
				CLANG_WARN_DOCUMENTATION_COMMENTS = YES;
				CLANG_WARN_EMPTY_BODY = YES;
				CLANG_WARN_ENUM_CONVERSION = YES;
				CLANG_WARN_INFINITE_RECURSION = YES;
				CLANG_WARN_INT_CONVERSION = YES;
				CLANG_WARN_OBJC_ROOT_CLASS = YES_ERROR;
				CLANG_WARN_SUSPICIOUS_MOVES = YES;
				CLANG_WARN_UNREACHABLE_CODE = YES;
				CLANG_WARN__DUPLICATE_METHOD_MATCH = YES;
				"CODE_SIGN_IDENTITY[sdk=iphoneos*]" = "iPhone Developer";
				COPY_PHASE_STRIP = NO;
				DEBUG_INFORMATION_FORMAT = dwarf;
				ENABLE_STRICT_OBJC_MSGSEND = YES;
				ENABLE_TESTABILITY = YES;
				GCC_C_LANGUAGE_STANDARD = gnu99;
				GCC_DYNAMIC_NO_PIC = NO;
				GCC_NO_COMMON_BLOCKS = YES;
				GCC_OPTIMIZATION_LEVEL = 0;
				GCC_PREPROCESSOR_DEFINITIONS = (
					"DEBUG=1",
					"$(inherited)",
				);
				GCC_WARN_64_TO_32_BIT_CONVERSION = YES;
				GCC_WARN_ABOUT_RETURN_TYPE = YES_ERROR;
				GCC_WARN_UNDECLARED_SELECTOR = YES;
				GCC_WARN_UNINITIALIZED_AUTOS = YES_AGGRESSIVE;
				GCC_WARN_UNUSED_FUNCTION = YES;
				GCC_WARN_UNUSED_VARIABLE = YES;
				IPHONEOS_DEPLOYMENT_TARGET = 10.1;
				MTL_ENABLE_DEBUG_INFO = YES;
				ONLY_ACTIVE_ARCH = YES;
				SDKROOT = iphoneos;
				SWIFT_ACTIVE_COMPILATION_CONDITIONS = DEBUG;
				SWIFT_OPTIMIZATION_LEVEL = "-Onone";
			};
			name = Debug;
		};
		FA7BF0FA1DF3CC17008E4878 /* Release */ = {
			isa = XCBuildConfiguration;
			buildSettings = {
				ALWAYS_SEARCH_USER_PATHS = NO;
				CLANG_ANALYZER_NONNULL = YES;
				CLANG_CXX_LANGUAGE_STANDARD = "gnu++0x";
				CLANG_CXX_LIBRARY = "libc++";
				CLANG_ENABLE_MODULES = YES;
				CLANG_ENABLE_OBJC_ARC = YES;
				CLANG_WARN_BOOL_CONVERSION = YES;
				CLANG_WARN_CONSTANT_CONVERSION = YES;
				CLANG_WARN_DIRECT_OBJC_ISA_USAGE = YES_ERROR;
				CLANG_WARN_DOCUMENTATION_COMMENTS = YES;
				CLANG_WARN_EMPTY_BODY = YES;
				CLANG_WARN_ENUM_CONVERSION = YES;
				CLANG_WARN_INFINITE_RECURSION = YES;
				CLANG_WARN_INT_CONVERSION = YES;
				CLANG_WARN_OBJC_ROOT_CLASS = YES_ERROR;
				CLANG_WARN_SUSPICIOUS_MOVES = YES;
				CLANG_WARN_UNREACHABLE_CODE = YES;
				CLANG_WARN__DUPLICATE_METHOD_MATCH = YES;
				"CODE_SIGN_IDENTITY[sdk=iphoneos*]" = "iPhone Developer";
				COPY_PHASE_STRIP = NO;
				DEBUG_INFORMATION_FORMAT = "dwarf-with-dsym";
				ENABLE_NS_ASSERTIONS = NO;
				ENABLE_STRICT_OBJC_MSGSEND = YES;
				GCC_C_LANGUAGE_STANDARD = gnu99;
				GCC_NO_COMMON_BLOCKS = YES;
				GCC_WARN_64_TO_32_BIT_CONVERSION = YES;
				GCC_WARN_ABOUT_RETURN_TYPE = YES_ERROR;
				GCC_WARN_UNDECLARED_SELECTOR = YES;
				GCC_WARN_UNINITIALIZED_AUTOS = YES_AGGRESSIVE;
				GCC_WARN_UNUSED_FUNCTION = YES;
				GCC_WARN_UNUSED_VARIABLE = YES;
				IPHONEOS_DEPLOYMENT_TARGET = 10.1;
				MTL_ENABLE_DEBUG_INFO = NO;
				SDKROOT = iphoneos;
				SWIFT_OPTIMIZATION_LEVEL = "-Owholemodule";
				VALIDATE_PRODUCT = YES;
			};
			name = Release;
		};
		FA7BF0FC1DF3CC17008E4878 /* Debug */ = {
			isa = XCBuildConfiguration;
			buildSettings = {
				ASSETCATALOG_COMPILER_APPICON_NAME = AppIcon;
				INFOPLIST_FILE = Animation/Info.plist;
				LD_RUNPATH_SEARCH_PATHS = "$(inherited) @executable_path/Frameworks";
				PRODUCT_BUNDLE_IDENTIFIER = jp.ky.Animation;
				PRODUCT_NAME = "$(TARGET_NAME)";
				SWIFT_VERSION = 3.0;
			};
			name = Debug;
		};
		FA7BF0FD1DF3CC17008E4878 /* Release */ = {
			isa = XCBuildConfiguration;
			buildSettings = {
				ASSETCATALOG_COMPILER_APPICON_NAME = AppIcon;
				INFOPLIST_FILE = Animation/Info.plist;
				LD_RUNPATH_SEARCH_PATHS = "$(inherited) @executable_path/Frameworks";
				PRODUCT_BUNDLE_IDENTIFIER = jp.ky.Animation;
				PRODUCT_NAME = "$(TARGET_NAME)";
				SWIFT_VERSION = 3.0;
			};
			name = Release;
		};
		FA7BF0FF1DF3CC17008E4878 /* Debug */ = {
			isa = XCBuildConfiguration;
			buildSettings = {
				ALWAYS_EMBED_SWIFT_STANDARD_LIBRARIES = YES;
				BUNDLE_LOADER = "$(TEST_HOST)";
				INFOPLIST_FILE = AnimationTests/Info.plist;
				LD_RUNPATH_SEARCH_PATHS = "$(inherited) @executable_path/Frameworks @loader_path/Frameworks";
				PRODUCT_BUNDLE_IDENTIFIER = jp.ky.AnimationTests;
				PRODUCT_NAME = "$(TARGET_NAME)";
				SWIFT_VERSION = 3.0;
				TEST_HOST = "$(BUILT_PRODUCTS_DIR)/Animation.app/Animation";
			};
			name = Debug;
		};
		FA7BF1001DF3CC17008E4878 /* Release */ = {
			isa = XCBuildConfiguration;
			buildSettings = {
				ALWAYS_EMBED_SWIFT_STANDARD_LIBRARIES = YES;
				BUNDLE_LOADER = "$(TEST_HOST)";
				INFOPLIST_FILE = AnimationTests/Info.plist;
				LD_RUNPATH_SEARCH_PATHS = "$(inherited) @executable_path/Frameworks @loader_path/Frameworks";
				PRODUCT_BUNDLE_IDENTIFIER = jp.ky.AnimationTests;
				PRODUCT_NAME = "$(TARGET_NAME)";
				SWIFT_VERSION = 3.0;
				TEST_HOST = "$(BUILT_PRODUCTS_DIR)/Animation.app/Animation";
			};
			name = Release;
		};
		FA7BF1021DF3CC17008E4878 /* Debug */ = {
			isa = XCBuildConfiguration;
			buildSettings = {
				ALWAYS_EMBED_SWIFT_STANDARD_LIBRARIES = YES;
				INFOPLIST_FILE = AnimationUITests/Info.plist;
				LD_RUNPATH_SEARCH_PATHS = "$(inherited) @executable_path/Frameworks @loader_path/Frameworks";
				PRODUCT_BUNDLE_IDENTIFIER = jp.ky.AnimationUITests;
				PRODUCT_NAME = "$(TARGET_NAME)";
				SWIFT_VERSION = 3.0;
				TEST_TARGET_NAME = Animation;
			};
			name = Debug;
		};
		FA7BF1031DF3CC17008E4878 /* Release */ = {
			isa = XCBuildConfiguration;
			buildSettings = {
				ALWAYS_EMBED_SWIFT_STANDARD_LIBRARIES = YES;
				INFOPLIST_FILE = AnimationUITests/Info.plist;
				LD_RUNPATH_SEARCH_PATHS = "$(inherited) @executable_path/Frameworks @loader_path/Frameworks";
				PRODUCT_BUNDLE_IDENTIFIER = jp.ky.AnimationUITests;
				PRODUCT_NAME = "$(TARGET_NAME)";
				SWIFT_VERSION = 3.0;
				TEST_TARGET_NAME = Animation;
			};
			name = Release;
		};
/* End XCBuildConfiguration section */

/* Begin XCConfigurationList section */
		FA7BF0CB1DF3CC16008E4878 /* Build configuration list for PBXProject "Animation" */ = {
			isa = XCConfigurationList;
			buildConfigurations = (
				FA7BF0F91DF3CC17008E4878 /* Debug */,
				FA7BF0FA1DF3CC17008E4878 /* Release */,
			);
			defaultConfigurationIsVisible = 0;
			defaultConfigurationName = Release;
		};
		FA7BF0FB1DF3CC17008E4878 /* Build configuration list for PBXNativeTarget "Animation" */ = {
			isa = XCConfigurationList;
			buildConfigurations = (
				FA7BF0FC1DF3CC17008E4878 /* Debug */,
				FA7BF0FD1DF3CC17008E4878 /* Release */,
			);
			defaultConfigurationIsVisible = 0;
		};
		FA7BF0FE1DF3CC17008E4878 /* Build configuration list for PBXNativeTarget "AnimationTests" */ = {
			isa = XCConfigurationList;
			buildConfigurations = (
				FA7BF0FF1DF3CC17008E4878 /* Debug */,
				FA7BF1001DF3CC17008E4878 /* Release */,
			);
			defaultConfigurationIsVisible = 0;
		};
		FA7BF1011DF3CC17008E4878 /* Build configuration list for PBXNativeTarget "AnimationUITests" */ = {
			isa = XCConfigurationList;
			buildConfigurations = (
				FA7BF1021DF3CC17008E4878 /* Debug */,
				FA7BF1031DF3CC17008E4878 /* Release */,
			);
			defaultConfigurationIsVisible = 0;
		};
/* End XCConfigurationList section */

/* Begin XCVersionGroup section */
		FA7BF0DA1DF3CC17008E4878 /* Animation.xcdatamodeld */ = {
			isa = XCVersionGroup;
			children = (
				FA7BF0DB1DF3CC17008E4878 /* Animation.xcdatamodel */,
			);
			currentVersion = FA7BF0DB1DF3CC17008E4878 /* Animation.xcdatamodel */;
			path = Animation.xcdatamodeld;
			sourceTree = "<group>";
			versionGroupType = wrapper.xcdatamodel;
		};
/* End XCVersionGroup section */
	};
	rootObject = FA7BF0C81DF3CC16008E4878 /* Project object */;
}
